
Microsoft Visual Studio Solution File, Format Version 12.00
# Visual Studio Version 17
VisualStudioVersion = 17.7.34202.233
MinimumVisualStudioVersion = 10.0.40219.1
Project("{2150E333-8FDC-42A3-9474-1A3956D46DE8}") = "Services", "Services", "{84FF4179-E5BA-4F04-931B-FB9652359C18}"
EndProject
Project("{2150E333-8FDC-42A3-9474-1A3956D46DE8}") = "Catalog", "Catalog", "{E5FFBA20-551E-4BD6-96E4-084EF48B0FAF}"
EndProject
Project("{9A19103F-16F7-4668-BE54-9A1E7A4F7556}") = "Patisserie.Services.Catalog", "Services\Catalog\Patisserie.Services.Catalog\Patisserie.Services.Catalog.csproj", "{566BC81E-6125-4E9F-944A-5CFCB93EBBDF}"
EndProject
Project("{2150E333-8FDC-42A3-9474-1A3956D46DE8}") = "Solution Items", "Solution Items", "{2CD87F62-21FB-4F96-8894-ABBB04FAD9E1}"
	ProjectSection(SolutionItems) = preProject
		Ports.txt = Ports.txt
	EndProjectSection
EndProject
Project("{2150E333-8FDC-42A3-9474-1A3956D46DE8}") = "Shared", "Shared", "{4348B60C-B557-475D-8664-07ABD9F866AF}"
EndProject
Project("{9A19103F-16F7-4668-BE54-9A1E7A4F7556}") = "Patisserie.Shared", "Shared\Patisserie.Shared\Patisserie.Shared.csproj", "{27CA9A90-06BC-42F6-ADC9-2FB759A5446F}"
EndProject
Project("{2150E333-8FDC-42A3-9474-1A3956D46DE8}") = "IdentityServer", "IdentityServer", "{C42E6C67-9637-45DD-885D-B12C48291705}"
EndProject
Project("{9A19103F-16F7-4668-BE54-9A1E7A4F7556}") = "Patisserie.IdentityServer", "IdentityServer\Patisserie.IdentityServer\Patisserie.IdentityServer.csproj", "{8E0933C3-02F4-46F9-BC3A-85505B117A1A}"
EndProject
Project("{2150E333-8FDC-42A3-9474-1A3956D46DE8}") = "PhotoStock", "PhotoStock", "{03A87B9E-28F8-4FFF-A4BC-6272B05C52C5}"
EndProject
Project("{9A19103F-16F7-4668-BE54-9A1E7A4F7556}") = "Patisserie.Services.PhotoStock", "Services\PhotoStock\Patisserie.Services.PhotoStock\Patisserie.Services.PhotoStock.csproj", "{B91CEB58-2436-4DCE-8C4A-605D3689F9DD}"
EndProject
Project("{2150E333-8FDC-42A3-9474-1A3956D46DE8}") = "Basket", "Basket", "{413C030D-E12E-4CAC-94FC-A48E343B3DA9}"
EndProject
Project("{9A19103F-16F7-4668-BE54-9A1E7A4F7556}") = "Patisserie.Services.Basket", "Services\Basket\Patisserie.Services.Basket\Patisserie.Services.Basket.csproj", "{9A7B661E-AD0A-4D19-B453-EB3262A13736}"
EndProject
Project("{2150E333-8FDC-42A3-9474-1A3956D46DE8}") = "Discount", "Discount", "{C9FB658B-C88E-47B9-B034-49CB9E74DBB8}"
EndProject
Project("{9A19103F-16F7-4668-BE54-9A1E7A4F7556}") = "Patisserie.Services.Discount", "Services\Discount\Patisserie.Services.Discount\Patisserie.Services.Discount.csproj", "{6892D098-89E1-41C6-A2E2-4BD7B06E2ED4}"
EndProject
Project("{2150E333-8FDC-42A3-9474-1A3956D46DE8}") = "Order", "Order", "{9FAF7A5B-F212-440C-98C7-D8D7DFA61E44}"
EndProject
Project("{9A19103F-16F7-4668-BE54-9A1E7A4F7556}") = "Patisserie.Services.Order.API", "Services\Order\Patisserie.Services.Order.API\Patisserie.Services.Order.API.csproj", "{6CB3CF77-24AD-4536-8830-4A5138989507}"
EndProject
Project("{9A19103F-16F7-4668-BE54-9A1E7A4F7556}") = "Patisserie.Services.Order.Application", "Services\Order\Patisserie.Services.Order.Application\Patisserie.Services.Order.Application.csproj", "{EB677D27-4F61-43E5-9057-76C8B8833C5B}"
EndProject
Project("{9A19103F-16F7-4668-BE54-9A1E7A4F7556}") = "Patisserie.Services.Order.Domain", "Services\Order\Patisserie.Services.Order.Domain\Patisserie.Services.Order.Domain.csproj", "{F0E171AB-D23E-48EF-93F3-ACF7D06296C8}"
EndProject
Project("{9A19103F-16F7-4668-BE54-9A1E7A4F7556}") = "Patisserie.Services.Order.Domain.Core", "Services\Order\Patisserie.Services.Order.Domain.Core\Patisserie.Services.Order.Domain.Core.csproj", "{A0CEED1D-6DD1-4D2D-86A9-B6A91CD1F897}"
EndProject
Project("{9A19103F-16F7-4668-BE54-9A1E7A4F7556}") = "Patisserie.Services.Order.Infrastructure", "Services\Order\Patisserie.Services.Order.Infrastructure\Patisserie.Services.Order.Infrastructure.csproj", "{6254D9B9-9CEE-45FE-9DAD-3C9230741C95}"
EndProject
Project("{2150E333-8FDC-42A3-9474-1A3956D46DE8}") = "FakePayment", "FakePayment", "{A9C8AA52-A471-4209-B65F-C08A000B0E5D}"
EndProject
Project("{FAE04EC0-301F-11D3-BF4B-00C04F79EFBC}") = "Patisserie.Services.FakePayment", "Services\FakePayment\Patisserie.Services.FakePayment\Patisserie.Services.FakePayment.csproj", "{995FBDCC-17C7-4BB7-BF5F-0E5B54535068}"
EndProject
Project("{2150E333-8FDC-42A3-9474-1A3956D46DE8}") = "Gateways", "Gateways", "{AFC00A80-42C9-4516-91A3-04508AE378D5}"
EndProject
Project("{FAE04EC0-301F-11D3-BF4B-00C04F79EFBC}") = "Patisserie.Gateway", "Gateways\Patisserie.Gateway\Patisserie.Gateway.csproj", "{F89D5878-A1D9-493B-9DAD-478D681384CA}"
EndProject
Global
	GlobalSection(SolutionConfigurationPlatforms) = preSolution
		Debug|Any CPU = Debug|Any CPU
		Release|Any CPU = Release|Any CPU
	EndGlobalSection
	GlobalSection(ProjectConfigurationPlatforms) = postSolution
		{566BC81E-6125-4E9F-944A-5CFCB93EBBDF}.Debug|Any CPU.ActiveCfg = Debug|Any CPU
		{566BC81E-6125-4E9F-944A-5CFCB93EBBDF}.Debug|Any CPU.Build.0 = Debug|Any CPU
		{566BC81E-6125-4E9F-944A-5CFCB93EBBDF}.Release|Any CPU.ActiveCfg = Release|Any CPU
		{566BC81E-6125-4E9F-944A-5CFCB93EBBDF}.Release|Any CPU.Build.0 = Release|Any CPU
		{27CA9A90-06BC-42F6-ADC9-2FB759A5446F}.Debug|Any CPU.ActiveCfg = Debug|Any CPU
		{27CA9A90-06BC-42F6-ADC9-2FB759A5446F}.Debug|Any CPU.Build.0 = Debug|Any CPU
		{27CA9A90-06BC-42F6-ADC9-2FB759A5446F}.Release|Any CPU.ActiveCfg = Release|Any CPU
		{27CA9A90-06BC-42F6-ADC9-2FB759A5446F}.Release|Any CPU.Build.0 = Release|Any CPU
		{8E0933C3-02F4-46F9-BC3A-85505B117A1A}.Debug|Any CPU.ActiveCfg = Debug|Any CPU
		{8E0933C3-02F4-46F9-BC3A-85505B117A1A}.Debug|Any CPU.Build.0 = Debug|Any CPU
		{8E0933C3-02F4-46F9-BC3A-85505B117A1A}.Release|Any CPU.ActiveCfg = Release|Any CPU
		{8E0933C3-02F4-46F9-BC3A-85505B117A1A}.Release|Any CPU.Build.0 = Release|Any CPU
		{B91CEB58-2436-4DCE-8C4A-605D3689F9DD}.Debug|Any CPU.ActiveCfg = Debug|Any CPU
		{B91CEB58-2436-4DCE-8C4A-605D3689F9DD}.Debug|Any CPU.Build.0 = Debug|Any CPU
		{B91CEB58-2436-4DCE-8C4A-605D3689F9DD}.Release|Any CPU.ActiveCfg = Release|Any CPU
		{B91CEB58-2436-4DCE-8C4A-605D3689F9DD}.Release|Any CPU.Build.0 = Release|Any CPU
		{9A7B661E-AD0A-4D19-B453-EB3262A13736}.Debug|Any CPU.ActiveCfg = Debug|Any CPU
		{9A7B661E-AD0A-4D19-B453-EB3262A13736}.Debug|Any CPU.Build.0 = Debug|Any CPU
		{9A7B661E-AD0A-4D19-B453-EB3262A13736}.Release|Any CPU.ActiveCfg = Release|Any CPU
		{9A7B661E-AD0A-4D19-B453-EB3262A13736}.Release|Any CPU.Build.0 = Release|Any CPU
		{6892D098-89E1-41C6-A2E2-4BD7B06E2ED4}.Debug|Any CPU.ActiveCfg = Debug|Any CPU
		{6892D098-89E1-41C6-A2E2-4BD7B06E2ED4}.Debug|Any CPU.Build.0 = Debug|Any CPU
		{6892D098-89E1-41C6-A2E2-4BD7B06E2ED4}.Release|Any CPU.ActiveCfg = Release|Any CPU
		{6892D098-89E1-41C6-A2E2-4BD7B06E2ED4}.Release|Any CPU.Build.0 = Release|Any CPU
		{6CB3CF77-24AD-4536-8830-4A5138989507}.Debug|Any CPU.ActiveCfg = Debug|Any CPU
		{6CB3CF77-24AD-4536-8830-4A5138989507}.Debug|Any CPU.Build.0 = Debug|Any CPU
		{6CB3CF77-24AD-4536-8830-4A5138989507}.Release|Any CPU.ActiveCfg = Release|Any CPU
		{6CB3CF77-24AD-4536-8830-4A5138989507}.Release|Any CPU.Build.0 = Release|Any CPU
		{EB677D27-4F61-43E5-9057-76C8B8833C5B}.Debug|Any CPU.ActiveCfg = Debug|Any CPU
		{EB677D27-4F61-43E5-9057-76C8B8833C5B}.Debug|Any CPU.Build.0 = Debug|Any CPU
		{EB677D27-4F61-43E5-9057-76C8B8833C5B}.Release|Any CPU.ActiveCfg = Release|Any CPU
		{EB677D27-4F61-43E5-9057-76C8B8833C5B}.Release|Any CPU.Build.0 = Release|Any CPU
		{F0E171AB-D23E-48EF-93F3-ACF7D06296C8}.Debug|Any CPU.ActiveCfg = Debug|Any CPU
		{F0E171AB-D23E-48EF-93F3-ACF7D06296C8}.Debug|Any CPU.Build.0 = Debug|Any CPU
		{F0E171AB-D23E-48EF-93F3-ACF7D06296C8}.Release|Any CPU.ActiveCfg = Release|Any CPU
		{F0E171AB-D23E-48EF-93F3-ACF7D06296C8}.Release|Any CPU.Build.0 = Release|Any CPU
		{A0CEED1D-6DD1-4D2D-86A9-B6A91CD1F897}.Debug|Any CPU.ActiveCfg = Debug|Any CPU
		{A0CEED1D-6DD1-4D2D-86A9-B6A91CD1F897}.Debug|Any CPU.Build.0 = Debug|Any CPU
		{A0CEED1D-6DD1-4D2D-86A9-B6A91CD1F897}.Release|Any CPU.ActiveCfg = Release|Any CPU
		{A0CEED1D-6DD1-4D2D-86A9-B6A91CD1F897}.Release|Any CPU.Build.0 = Release|Any CPU
		{6254D9B9-9CEE-45FE-9DAD-3C9230741C95}.Debug|Any CPU.ActiveCfg = Debug|Any CPU
		{6254D9B9-9CEE-45FE-9DAD-3C9230741C95}.Debug|Any CPU.Build.0 = Debug|Any CPU
		{6254D9B9-9CEE-45FE-9DAD-3C9230741C95}.Release|Any CPU.ActiveCfg = Release|Any CPU
		{6254D9B9-9CEE-45FE-9DAD-3C9230741C95}.Release|Any CPU.Build.0 = Release|Any CPU
		{995FBDCC-17C7-4BB7-BF5F-0E5B54535068}.Debug|Any CPU.ActiveCfg = Debug|Any CPU
		{995FBDCC-17C7-4BB7-BF5F-0E5B54535068}.Debug|Any CPU.Build.0 = Debug|Any CPU
		{995FBDCC-17C7-4BB7-BF5F-0E5B54535068}.Release|Any CPU.ActiveCfg = Release|Any CPU
		{995FBDCC-17C7-4BB7-BF5F-0E5B54535068}.Release|Any CPU.Build.0 = Release|Any CPU
		{F89D5878-A1D9-493B-9DAD-478D681384CA}.Debug|Any CPU.ActiveCfg = Debug|Any CPU
		{F89D5878-A1D9-493B-9DAD-478D681384CA}.Debug|Any CPU.Build.0 = Debug|Any CPU
		{F89D5878-A1D9-493B-9DAD-478D681384CA}.Release|Any CPU.ActiveCfg = Release|Any CPU
		{F89D5878-A1D9-493B-9DAD-478D681384CA}.Release|Any CPU.Build.0 = Release|Any CPU
	EndGlobalSection
	GlobalSection(SolutionProperties) = preSolution
		HideSolutionNode = FALSE
	EndGlobalSection
	GlobalSection(NestedProjects) = preSolution
		{E5FFBA20-551E-4BD6-96E4-084EF48B0FAF} = {84FF4179-E5BA-4F04-931B-FB9652359C18}
		{566BC81E-6125-4E9F-944A-5CFCB93EBBDF} = {E5FFBA20-551E-4BD6-96E4-084EF48B0FAF}
		{27CA9A90-06BC-42F6-ADC9-2FB759A5446F} = {4348B60C-B557-475D-8664-07ABD9F866AF}
		{8E0933C3-02F4-46F9-BC3A-85505B117A1A} = {C42E6C67-9637-45DD-885D-B12C48291705}
		{03A87B9E-28F8-4FFF-A4BC-6272B05C52C5} = {84FF4179-E5BA-4F04-931B-FB9652359C18}
		{B91CEB58-2436-4DCE-8C4A-605D3689F9DD} = {03A87B9E-28F8-4FFF-A4BC-6272B05C52C5}
		{413C030D-E12E-4CAC-94FC-A48E343B3DA9} = {84FF4179-E5BA-4F04-931B-FB9652359C18}
		{9A7B661E-AD0A-4D19-B453-EB3262A13736} = {413C030D-E12E-4CAC-94FC-A48E343B3DA9}
		{C9FB658B-C88E-47B9-B034-49CB9E74DBB8} = {84FF4179-E5BA-4F04-931B-FB9652359C18}
		{6892D098-89E1-41C6-A2E2-4BD7B06E2ED4} = {C9FB658B-C88E-47B9-B034-49CB9E74DBB8}
		{9FAF7A5B-F212-440C-98C7-D8D7DFA61E44} = {84FF4179-E5BA-4F04-931B-FB9652359C18}
		{6CB3CF77-24AD-4536-8830-4A5138989507} = {9FAF7A5B-F212-440C-98C7-D8D7DFA61E44}
		{EB677D27-4F61-43E5-9057-76C8B8833C5B} = {9FAF7A5B-F212-440C-98C7-D8D7DFA61E44}
		{F0E171AB-D23E-48EF-93F3-ACF7D06296C8} = {9FAF7A5B-F212-440C-98C7-D8D7DFA61E44}
		{A0CEED1D-6DD1-4D2D-86A9-B6A91CD1F897} = {9FAF7A5B-F212-440C-98C7-D8D7DFA61E44}
		{6254D9B9-9CEE-45FE-9DAD-3C9230741C95} = {9FAF7A5B-F212-440C-98C7-D8D7DFA61E44}
		{A9C8AA52-A471-4209-B65F-C08A000B0E5D} = {84FF4179-E5BA-4F04-931B-FB9652359C18}
		{995FBDCC-17C7-4BB7-BF5F-0E5B54535068} = {A9C8AA52-A471-4209-B65F-C08A000B0E5D}
		{F89D5878-A1D9-493B-9DAD-478D681384CA} = {AFC00A80-42C9-4516-91A3-04508AE378D5}
	EndGlobalSection
	GlobalSection(ExtensibilityGlobals) = postSolution
		SolutionGuid = {596E87C4-5A33-41A8-BAE7-2F3B01A5758C}
	EndGlobalSection
EndGlobal
